
Microsoft Visual Studio Solution File, Format Version 12.00
# Visual Studio Version 17
VisualStudioVersion = 17.6.33815.320
MinimumVisualStudioVersion = 10.0.40219.1
Project("{9A19103F-16F7-4668-BE54-9A1E7A4F7556}") = "PackPlanner", "PackPlanner\PackPlanner.csproj", "{DEE2FDD2-A943-4252-8276-DC4536EFBF0A}"
	ProjectSection(ProjectDependencies) = postProject
		{B724AEB0-E6C0-49A6-91B4-D5F86AE152D2} = {B724AEB0-E6C0-49A6-91B4-D5F86AE152D2}
	EndProjectSection
EndProject
Project("{FAE04EC0-301F-11D3-BF4B-00C04F79EFBC}") = "PackPlannerTest", "PackPlannerTest\PackPlannerTest.csproj", "{27F804FD-FA1B-40D0-B6BB-29BEC5F949EA}"
	ProjectSection(ProjectDependencies) = postProject
		{B724AEB0-E6C0-49A6-91B4-D5F86AE152D2} = {B724AEB0-E6C0-49A6-91B4-D5F86AE152D2}
	EndProjectSection
EndProject
Project("{FAE04EC0-301F-11D3-BF4B-00C04F79EFBC}") = "PackPlannerDomain", "PackPlannerDomain\PackPlannerDomain.csproj", "{B724AEB0-E6C0-49A6-91B4-D5F86AE152D2}"
EndProject
Global
	GlobalSection(SolutionConfigurationPlatforms) = preSolution
		Debug|Any CPU = Debug|Any CPU
		Release|Any CPU = Release|Any CPU
	EndGlobalSection
	GlobalSection(ProjectConfigurationPlatforms) = postSolution
		{DEE2FDD2-A943-4252-8276-DC4536EFBF0A}.Debug|Any CPU.ActiveCfg = Debug|Any CPU
		{DEE2FDD2-A943-4252-8276-DC4536EFBF0A}.Debug|Any CPU.Build.0 = Debug|Any CPU
		{DEE2FDD2-A943-4252-8276-DC4536EFBF0A}.Release|Any CPU.ActiveCfg = Release|Any CPU
		{DEE2FDD2-A943-4252-8276-DC4536EFBF0A}.Release|Any CPU.Build.0 = Release|Any CPU
		{27F804FD-FA1B-40D0-B6BB-29BEC5F949EA}.Debug|Any CPU.ActiveCfg = Debug|Any CPU
		{27F804FD-FA1B-40D0-B6BB-29BEC5F949EA}.Debug|Any CPU.Build.0 = Debug|Any CPU
		{27F804FD-FA1B-40D0-B6BB-29BEC5F949EA}.Release|Any CPU.ActiveCfg = Release|Any CPU
		{27F804FD-FA1B-40D0-B6BB-29BEC5F949EA}.Release|Any CPU.Build.0 = Release|Any CPU
		{B724AEB0-E6C0-49A6-91B4-D5F86AE152D2}.Debug|Any CPU.ActiveCfg = Debug|Any CPU
		{B724AEB0-E6C0-49A6-91B4-D5F86AE152D2}.Debug|Any CPU.Build.0 = Debug|Any CPU
		{B724AEB0-E6C0-49A6-91B4-D5F86AE152D2}.Release|Any CPU.ActiveCfg = Release|Any CPU
		{B724AEB0-E6C0-49A6-91B4-D5F86AE152D2}.Release|Any CPU.Build.0 = Release|Any CPU
	EndGlobalSection
	GlobalSection(SolutionProperties) = preSolution
		HideSolutionNode = FALSE
	EndGlobalSection
	GlobalSection(ExtensibilityGlobals) = postSolution
		SolutionGuid = {7385665D-ABBB-44B6-B199-0DA9CB02F4CA}
	EndGlobalSection
EndGlobal
